
Microsoft Visual Studio Solution File, Format Version 12.00
# Visual Studio Version 16
VisualStudioVersion = 16.0.31005.135
MinimumVisualStudioVersion = 10.0.40219.1
Project("{FAE04EC0-301F-11D3-BF4B-00C04F79EFBC}") = "yt_downloader 2.0", "yt_downloader 2.0\yt_downloader 2.0.csproj", "{EC7053DF-46FC-40B0-9D2A-C9C4EF0BD663}"
EndProject
Global
	GlobalSection(SolutionConfigurationPlatforms) = preSolution
		Debug|Any CPU = Debug|Any CPU
		Release|Any CPU = Release|Any CPU
	EndGlobalSection
	GlobalSection(ProjectConfigurationPlatforms) = postSolution
		{EC7053DF-46FC-40B0-9D2A-C9C4EF0BD663}.Debug|Any CPU.ActiveCfg = Debug|Any CPU
		{EC7053DF-46FC-40B0-9D2A-C9C4EF0BD663}.Debug|Any CPU.Build.0 = Debug|Any CPU
		{EC7053DF-46FC-40B0-9D2A-C9C4EF0BD663}.Release|Any CPU.ActiveCfg = Release|Any CPU
		{EC7053DF-46FC-40B0-9D2A-C9C4EF0BD663}.Release|Any CPU.Build.0 = Release|Any CPU
	EndGlobalSection
	GlobalSection(SolutionProperties) = preSolution
		HideSolutionNode = FALSE
	EndGlobalSection
	GlobalSection(ExtensibilityGlobals) = postSolution
		SolutionGuid = {DEFF6665-73DB-4129-9DE5-3FEE08414900}
	EndGlobalSection
EndGlobal
